{
    "_readme": [
        "This file locks the dependencies of your project to a known state",
        "Read more about it at https://getcomposer.org/doc/01-basic-usage.md#installing-dependencies",
        "This file is @generated automatically"
    ],
    "content-hash": "318e46ddf0dd5248ae2468d8812b554c",
    "packages": [
        {
            "name": "cryptapi/php-cryptapi",
            "version": "1.4.0",
            "source": {
                "type": "git",
                "url": "https://github.com/cryptapi/php-cryptapi.git",
                "reference": "bb0c549891ffdee57739aad247fc2a141d35304a"
            },
            "dist": {
                "type": "zip",
                "url": "https://api.github.com/repos/cryptapi/php-cryptapi/zipball/bb0c549891ffdee57739aad247fc2a141d35304a",
                "reference": "bb0c549891ffdee57739aad247fc2a141d35304a",
                "shasum": ""
            },
            "require": {
                "ext-curl": "*",
                "ext-json": "*",
                "php": ">=5.6.0"
            },
            "type": "library",
            "autoload": {
                "psr-4": {
                    "CryptAPI\\": "CryptAPI/"
                }
            },
            "notification-url": "https://packagist.org/downloads/",
            "license": [
                "MIT"
            ],
            "authors": [
                {
                    "name": "CryptAPI",
                    "email": "info@cryptapi.io",
                    "homepage": "https://cryptapi.io",
                    "role": "Developer"
                }
            ],
            "description": "CryptAPI's PHP library",
            "homepage": "https://github.com/cryptapi/php-cryptapi",
            "keywords": [
                "Monero",
                "bitcoin",
                "bitcoin cash",
                "cryptapi",
                "crypto",
                "cryptocurrencies",
                "ethereum",
                "iota",
                "litecoin",
                "payments"
            ],
            "support": {
                "chat": "https://cryptapi.io",
                "docs": "https://cryptapi.io/docs/",
                "email": "info@cryptapi.io",
                "issues": "https://github.com/cryptapi/php-cryptapi/issues",
                "source": "https://github.com/cryptapi/php-cryptapi/tree/1.4.0"
            },
            "time": "2021-10-26T17:41:32+00:00"
        }
    ],
    "packages-dev": [],
    "aliases": [],
    "minimum-stability": "stable",
    "stability-flags": [],
    "prefer-stable": false,
    "prefer-lowest": false,
    "platform": [],
    "platform-dev": [],
    "plugin-api-version": "2.0.0"
}
